
Microsoft Visual Studio Solution File, Format Version 12.00
# Visual Studio 2012
Project("{FAE04EC0-301F-11D3-BF4B-00C04F79EFBC}") = "Portal", "Portal\Portal.csproj", "{D120AB1C-4265-432A-BFE0-B00111BB19AB}"
EndProject
Project("{FAE04EC0-301F-11D3-BF4B-00C04F79EFBC}") = "Portal.Test", "Portal.Test\Portal.Test.csproj", "{3DB8EBF3-3065-429F-B946-04AD82126CB6}"
EndProject
Global
	GlobalSection(SolutionConfigurationPlatforms) = preSolution
		Debug|Any CPU = Debug|Any CPU
		Release|Any CPU = Release|Any CPU
	EndGlobalSection
	GlobalSection(ProjectConfigurationPlatforms) = postSolution
		{D120AB1C-4265-432A-BFE0-B00111BB19AB}.Debug|Any CPU.ActiveCfg = Debug|Any CPU
		{D120AB1C-4265-432A-BFE0-B00111BB19AB}.Debug|Any CPU.Build.0 = Debug|Any CPU
		{D120AB1C-4265-432A-BFE0-B00111BB19AB}.Release|Any CPU.ActiveCfg = Release|Any CPU
		{D120AB1C-4265-432A-BFE0-B00111BB19AB}.Release|Any CPU.Build.0 = Release|Any CPU
		{3DB8EBF3-3065-429F-B946-04AD82126CB6}.Debug|Any CPU.ActiveCfg = Debug|Any CPU
		{3DB8EBF3-3065-429F-B946-04AD82126CB6}.Debug|Any CPU.Build.0 = Debug|Any CPU
		{3DB8EBF3-3065-429F-B946-04AD82126CB6}.Release|Any CPU.ActiveCfg = Release|Any CPU
		{3DB8EBF3-3065-429F-B946-04AD82126CB6}.Release|Any CPU.Build.0 = Release|Any CPU
	EndGlobalSection
	GlobalSection(SolutionProperties) = preSolution
		HideSolutionNode = FALSE
	EndGlobalSection
EndGlobal
